
Microsoft Visual Studio Solution File, Format Version 12.00
# Visual Studio Version 16
VisualStudioVersion = 16.0.31624.102
MinimumVisualStudioVersion = 10.0.40219.1
Project("{FAE04EC0-301F-11D3-BF4B-00C04F79EFBC}") = "Lab_04", "Lab_04\Lab_04.csproj", "{0B307EE0-0095-4BF5-ACB8-C176DD81413A}"
EndProject
Global
	GlobalSection(SolutionConfigurationPlatforms) = preSolution
		Debug|Any CPU = Debug|Any CPU
		Release|Any CPU = Release|Any CPU
	EndGlobalSection
	GlobalSection(ProjectConfigurationPlatforms) = postSolution
		{0B307EE0-0095-4BF5-ACB8-C176DD81413A}.Debug|Any CPU.ActiveCfg = Debug|Any CPU
		{0B307EE0-0095-4BF5-ACB8-C176DD81413A}.Debug|Any CPU.Build.0 = Debug|Any CPU
		{0B307EE0-0095-4BF5-ACB8-C176DD81413A}.Release|Any CPU.ActiveCfg = Release|Any CPU
		{0B307EE0-0095-4BF5-ACB8-C176DD81413A}.Release|Any CPU.Build.0 = Release|Any CPU
	EndGlobalSection
	GlobalSection(SolutionProperties) = preSolution
		HideSolutionNode = FALSE
	EndGlobalSection
	GlobalSection(ExtensibilityGlobals) = postSolution
		SolutionGuid = {4D4A62F6-D266-4C35-BBA1-ED222C245B99}
	EndGlobalSection
EndGlobal
